// !$*UTF8*$!
{
	archiveVersion = 1;
	classes = {
	};
	objectVersion = 46;
	objects = {

/* Begin PBXContainerItemProxy section */
		00C6157C14166F94000FB927 /* PBXContainerItemProxy */ = {
			isa = PBXContainerItemProxy;
			containerPortal = 00C6154314164928000FB927 /* Project object */;
			proxyType = 1;
			remoteGlobalIDString = 00C6157314166F4B000FB927;
			remoteInfo = "ghostscript-conf";
		};
		00C6157E14166F9A000FB927 /* PBXContainerItemProxy */ = {
			isa = PBXContainerItemProxy;
			containerPortal = 00C6154314164928000FB927 /* Project object */;
			proxyType = 1;
			remoteGlobalIDString = 00C6157814166F66000FB927;
			remoteInfo = "pdl-conf";
		};
		00C6158014166F9E000FB927 /* PBXContainerItemProxy */ = {
			isa = PBXContainerItemProxy;
			containerPortal = 00C6154314164928000FB927 /* Project object */;
			proxyType = 1;
			remoteGlobalIDString = 00C6157814166F66000FB927;
			remoteInfo = "pdl-conf";
		};
		00C6158214166FA1000FB927 /* PBXContainerItemProxy */ = {
			isa = PBXContainerItemProxy;
			containerPortal = 00C6154314164928000FB927 /* Project object */;
			proxyType = 1;
			remoteGlobalIDString = 00C6157814166F66000FB927;
			remoteInfo = "pdl-conf";
		};
		00C6158414166FA4000FB927 /* PBXContainerItemProxy */ = {
			isa = PBXContainerItemProxy;
			containerPortal = 00C6154314164928000FB927 /* Project object */;
			proxyType = 1;
			remoteGlobalIDString = 00C6157814166F66000FB927;
			remoteInfo = "pdl-conf";
		};
/* End PBXContainerItemProxy section */

/* Begin PBXGroup section */
		00C6154114164928000FB927 = {
			isa = PBXGroup;
			children = (
			);
			sourceTree = "<group>";
		};
/* End PBXGroup section */

/* Begin PBXLegacyTarget section */
		00C6154E141649C2000FB927 /* ghostscript */ = {
			isa = PBXLegacyTarget;
			buildArgumentsString = "gs-$(CONFIGURATION)-$(ACTION)";
			buildConfigurationList = 00C6154F141649C2000FB927 /* Build configuration list for PBXLegacyTarget "ghostscript" */;
			buildPhases = (
			);
			buildToolPath = /usr/bin/make;
			buildWorkingDirectory = ..;
			dependencies = (
				00C6157D14166F94000FB927 /* PBXTargetDependency */,
			);
			name = ghostscript;
			passBuildSettingsInEnvironment = 1;
			productName = "GhostPDL";
		};
		00C6155614164A2E000FB927 /* pcl */ = {
			isa = PBXLegacyTarget;
			buildArgumentsString = "pcl-$(CONFIGURATION)-$(ACTION)";
			buildConfigurationList = 00C6155714164A2E000FB927 /* Build configuration list for PBXLegacyTarget "pcl" */;
			buildPhases = (
			);
			buildToolPath = /usr/bin/make;
			buildWorkingDirectory = ..;
			dependencies = (
				00C6157F14166F9A000FB927 /* PBXTargetDependency */,
			);
			name = pcl;
			passBuildSettingsInEnvironment = 1;
			productName = "GhostPDL";
		};
		00C6155A14164A45000FB927 /* xps */ = {
			isa = PBXLegacyTarget;
			buildArgumentsString = "xps-$(CONFIGURATION)-$(ACTION)";
			buildConfigurationList = 00C6155B14164A45000FB927 /* Build configuration list for PBXLegacyTarget "xps" */;
			buildPhases = (
			);
			buildToolPath = /usr/bin/make;
			buildWorkingDirectory = ..;
			dependencies = (
				00C6158114166F9E000FB927 /* PBXTargetDependency */,
			);
			name = xps;
			passBuildSettingsInEnvironment = 1;
			productName = "GhostPDL";
		};
		00C6155E14164A4C000FB927 /* svg */ = {
			isa = PBXLegacyTarget;
			buildArgumentsString = "svg-$(CONFIGURATION)-$(ACTION)";
			buildConfigurationList = 00C6155F14164A4C000FB927 /* Build configuration list for PBXLegacyTarget "svg" */;
			buildPhases = (
			);
			buildToolPath = /usr/bin/make;
			buildWorkingDirectory = ..;
			dependencies = (
				00C6158314166FA1000FB927 /* PBXTargetDependency */,
			);
			name = svg;
			passBuildSettingsInEnvironment = 1;
			productName = "GhostPDL";
		};
		00C6156214164A54000FB927 /* language-switch */ = {
			isa = PBXLegacyTarget;
			buildArgumentsString = "ls-$(CONFIGURATION)-$(ACTION)";
			buildConfigurationList = 00C6156314164A54000FB927 /* Build configuration list for PBXLegacyTarget "language-switch" */;
			buildPhases = (
			);
			buildToolPath = /usr/bin/make;
			buildWorkingDirectory = ..;
			dependencies = (
				00C6158514166FA4000FB927 /* PBXTargetDependency */,
			);
			name = "language-switch";
			passBuildSettingsInEnvironment = 1;
			productName = "GhostPDL";
		};
		00C6157314166F4B000FB927 /* ghostscript-conf */ = {
			isa = PBXLegacyTarget;
			buildArgumentsString = "gs-conf-$(ACTION)";
			buildConfigurationList = 00C6157414166F4B000FB927 /* Build configuration list for PBXLegacyTarget "ghostscript-conf" */;
			buildPhases = (
			);
			buildToolPath = /usr/bin/make;
			buildWorkingDirectory = ..;
			dependencies = (
			);
			name = "ghostscript-conf";
			passBuildSettingsInEnvironment = 1;
			productName = "GhostPDL";
		};
		00C6157814166F66000FB927 /* pdl-conf */ = {
			isa = PBXLegacyTarget;
			buildArgumentsString = "pdl-conf-$(ACTION)";
			buildConfigurationList = 00C6157914166F66000FB927 /* Build configuration list for PBXLegacyTarget "pdl-conf" */;
			buildPhases = (
			);
			buildToolPath = /usr/bin/make;
			buildWorkingDirectory = ..;
			dependencies = (
			);
			name = "pdl-conf";
			passBuildSettingsInEnvironment = 1;
			productName = "GhostPDL";
		};
/* End PBXLegacyTarget section */

/* Begin PBXProject section */
		00C6154314164928000FB927 /* Project object */ = {
			isa = PBXProject;
			attributes = {
				ORGANIZATIONNAME = "Pinknoise Productions Ltd";
			};
			buildConfigurationList = 00C6154614164928000FB927 /* Build configuration list for PBXProject "GhostPDL" */;
			compatibilityVersion = "Xcode 3.2";
			developmentRegion = English;
			hasScannedForEncodings = 0;
			knownRegions = (
				en,
			);
			mainGroup = 00C6154114164928000FB927;
			projectDirPath = "";
			projectRoot = "";
			targets = (
				00C6154E141649C2000FB927 /* ghostscript */,
				00C6155614164A2E000FB927 /* pcl */,
				00C6155A14164A45000FB927 /* xps */,
				00C6155E14164A4C000FB927 /* svg */,
				00C6156214164A54000FB927 /* language-switch */,
				00C6157314166F4B000FB927 /* ghostscript-conf */,
				00C6157814166F66000FB927 /* pdl-conf */,
			);
		};
/* End PBXProject section */

/* Begin PBXTargetDependency section */
		00C6157D14166F94000FB927 /* PBXTargetDependency */ = {
			isa = PBXTargetDependency;
			target = 00C6157314166F4B000FB927 /* ghostscript-conf */;
			targetProxy = 00C6157C14166F94000FB927 /* PBXContainerItemProxy */;
		};
		00C6157F14166F9A000FB927 /* PBXTargetDependency */ = {
			isa = PBXTargetDependency;
			target = 00C6157814166F66000FB927 /* pdl-conf */;
			targetProxy = 00C6157E14166F9A000FB927 /* PBXContainerItemProxy */;
		};
		00C6158114166F9E000FB927 /* PBXTargetDependency */ = {
			isa = PBXTargetDependency;
			target = 00C6157814166F66000FB927 /* pdl-conf */;
			targetProxy = 00C6158014166F9E000FB927 /* PBXContainerItemProxy */;
		};
		00C6158314166FA1000FB927 /* PBXTargetDependency */ = {
			isa = PBXTargetDependency;
			target = 00C6157814166F66000FB927 /* pdl-conf */;
			targetProxy = 00C6158214166FA1000FB927 /* PBXContainerItemProxy */;
		};
		00C6158514166FA4000FB927 /* PBXTargetDependency */ = {
			isa = PBXTargetDependency;
			target = 00C6157814166F66000FB927 /* pdl-conf */;
			targetProxy = 00C6158414166FA4000FB927 /* PBXContainerItemProxy */;
		};
/* End PBXTargetDependency section */

/* Begin XCBuildConfiguration section */
		00C6154914164929000FB927 /* Debug */ = {
			isa = XCBuildConfiguration;
			buildSettings = {
				ALWAYS_SEARCH_USER_PATHS = NO;
				ARCHS = "$(ARCHS_STANDARD_64_BIT)";
				COPY_PHASE_STRIP = NO;
				GCC_C_LANGUAGE_STANDARD = gnu99;
				GCC_DYNAMIC_NO_PIC = NO;
				GCC_ENABLE_OBJC_EXCEPTIONS = YES;
				GCC_OPTIMIZATION_LEVEL = 0;
				GCC_PREPROCESSOR_DEFINITIONS = (
					"DEBUG=1",
					"$(inherited)",
				);
				GCC_SYMBOLS_PRIVATE_EXTERN = NO;
				GCC_VERSION = com.apple.compilers.llvm.clang.1_0;
				GCC_WARN_64_TO_32_BIT_CONVERSION = YES;
				GCC_WARN_ABOUT_MISSING_PROTOTYPES = YES;
				GCC_WARN_ABOUT_RETURN_TYPE = YES;
				GCC_WARN_UNUSED_VARIABLE = YES;
				MACOSX_DEPLOYMENT_TARGET = 10.7;
				ONLY_ACTIVE_ARCH = YES;
				SDKROOT = macosx;
			};
			name = Debug;
		};
		00C6154A14164929000FB927 /* Release */ = {
			isa = XCBuildConfiguration;
			buildSettings = {
				ALWAYS_SEARCH_USER_PATHS = NO;
				ARCHS = "$(ARCHS_STANDARD_64_BIT)";
				COPY_PHASE_STRIP = YES;
				DEBUG_INFORMATION_FORMAT = "dwarf-with-dsym";
				GCC_C_LANGUAGE_STANDARD = gnu99;
				GCC_ENABLE_OBJC_EXCEPTIONS = YES;
				GCC_VERSION = com.apple.compilers.llvm.clang.1_0;
				GCC_WARN_64_TO_32_BIT_CONVERSION = YES;
				GCC_WARN_ABOUT_MISSING_PROTOTYPES = YES;
				GCC_WARN_ABOUT_RETURN_TYPE = YES;
				GCC_WARN_UNUSED_VARIABLE = YES;
				MACOSX_DEPLOYMENT_TARGET = 10.7;
				SDKROOT = macosx;
			};
			name = Release;
		};
		00C61550141649C2000FB927 /* Debug */ = {
			isa = XCBuildConfiguration;
			buildSettings = {
				DEBUGGING_SYMBOLS = YES;
				GCC_GENERATE_DEBUGGING_SYMBOLS = YES;
				GCC_OPTIMIZATION_LEVEL = 0;
				OTHER_CFLAGS = "";
				OTHER_LDFLAGS = "";
				PRODUCT_NAME = "GhostPDL copy";
			};
			name = Debug;
		};
		00C61551141649C2000FB927 /* Release */ = {
			isa = XCBuildConfiguration;
			buildSettings = {
				OTHER_CFLAGS = "";
				OTHER_LDFLAGS = "";
				PRODUCT_NAME = "GhostPDL copy";
			};
			name = Release;
		};
		00C6155814164A2E000FB927 /* Debug */ = {
			isa = XCBuildConfiguration;
			buildSettings = {
				DEBUGGING_SYMBOLS = YES;
				GCC_GENERATE_DEBUGGING_SYMBOLS = YES;
				GCC_OPTIMIZATION_LEVEL = 0;
				OTHER_CFLAGS = "";
				OTHER_LDFLAGS = "";
				PRODUCT_NAME = "ghostpdl-conf copy";
			};
			name = Debug;
		};
		00C6155914164A2E000FB927 /* Release */ = {
			isa = XCBuildConfiguration;
			buildSettings = {
				OTHER_CFLAGS = "";
				OTHER_LDFLAGS = "";
				PRODUCT_NAME = "ghostpdl-conf copy";
			};
			name = Release;
		};
		00C6155C14164A45000FB927 /* Debug */ = {
			isa = XCBuildConfiguration;
			buildSettings = {
				DEBUGGING_SYMBOLS = YES;
				GCC_GENERATE_DEBUGGING_SYMBOLS = YES;
				GCC_OPTIMIZATION_LEVEL = 0;
				OTHER_CFLAGS = "";
				OTHER_LDFLAGS = "";
				PRODUCT_NAME = "pcl copy";
			};
			name = Debug;
		};
		00C6155D14164A45000FB927 /* Release */ = {
			isa = XCBuildConfiguration;
			buildSettings = {
				OTHER_CFLAGS = "";
				OTHER_LDFLAGS = "";
				PRODUCT_NAME = "pcl copy";
			};
			name = Release;
		};
		00C6156014164A4C000FB927 /* Debug */ = {
			isa = XCBuildConfiguration;
			buildSettings = {
				DEBUGGING_SYMBOLS = YES;
				GCC_GENERATE_DEBUGGING_SYMBOLS = YES;
				GCC_OPTIMIZATION_LEVEL = 0;
				OTHER_CFLAGS = "";
				OTHER_LDFLAGS = "";
				PRODUCT_NAME = "xps copy";
			};
			name = Debug;
		};
		00C6156114164A4C000FB927 /* Release */ = {
			isa = XCBuildConfiguration;
			buildSettings = {
				OTHER_CFLAGS = "";
				OTHER_LDFLAGS = "";
				PRODUCT_NAME = "xps copy";
			};
			name = Release;
		};
		00C6156414164A54000FB927 /* Debug */ = {
			isa = XCBuildConfiguration;
			buildSettings = {
				DEBUGGING_SYMBOLS = YES;
				GCC_GENERATE_DEBUGGING_SYMBOLS = YES;
				GCC_OPTIMIZATION_LEVEL = 0;
				OTHER_CFLAGS = "";
				OTHER_LDFLAGS = "";
				PRODUCT_NAME = "svg copy";
			};
			name = Debug;
		};
		00C6156514164A54000FB927 /* Release */ = {
			isa = XCBuildConfiguration;
			buildSettings = {
				OTHER_CFLAGS = "";
				OTHER_LDFLAGS = "";
				PRODUCT_NAME = "svg copy";
			};
			name = Release;
		};
		00C6157514166F4B000FB927 /* Debug */ = {
			isa = XCBuildConfiguration;
			buildSettings = {
				DEBUGGING_SYMBOLS = YES;
				GCC_GENERATE_DEBUGGING_SYMBOLS = YES;
				GCC_OPTIMIZATION_LEVEL = 0;
				OTHER_CFLAGS = "";
				OTHER_LDFLAGS = "";
				PRODUCT_NAME = "ghostscript copy";
			};
			name = Debug;
		};
		00C6157614166F4B000FB927 /* Release */ = {
			isa = XCBuildConfiguration;
			buildSettings = {
				OTHER_CFLAGS = "";
				OTHER_LDFLAGS = "";
				PRODUCT_NAME = "ghostscript copy";
			};
			name = Release;
		};
		00C6157A14166F66000FB927 /* Debug */ = {
			isa = XCBuildConfiguration;
			buildSettings = {
				DEBUGGING_SYMBOLS = YES;
				GCC_GENERATE_DEBUGGING_SYMBOLS = YES;
				GCC_OPTIMIZATION_LEVEL = 0;
				OTHER_CFLAGS = "";
				OTHER_LDFLAGS = "";
				PRODUCT_NAME = "ghostscript-conf copy";
			};
			name = Debug;
		};
		00C6157B14166F66000FB927 /* Release */ = {
			isa = XCBuildConfiguration;
			buildSettings = {
				OTHER_CFLAGS = "";
				OTHER_LDFLAGS = "";
				PRODUCT_NAME = "ghostscript-conf copy";
			};
			name = Release;
		};
/* End XCBuildConfiguration section */

/* Begin XCConfigurationList section */
		00C6154614164928000FB927 /* Build configuration list for PBXProject "GhostPDL" */ = {
			isa = XCConfigurationList;
			buildConfigurations = (
				00C6154914164929000FB927 /* Debug */,
				00C6154A14164929000FB927 /* Release */,
			);
			defaultConfigurationIsVisible = 0;
			defaultConfigurationName = Release;
		};
		00C6154F141649C2000FB927 /* Build configuration list for PBXLegacyTarget "ghostscript" */ = {
			isa = XCConfigurationList;
			buildConfigurations = (
				00C61550141649C2000FB927 /* Debug */,
				00C61551141649C2000FB927 /* Release */,
			);
			defaultConfigurationIsVisible = 0;
			defaultConfigurationName = Release;
		};
		00C6155714164A2E000FB927 /* Build configuration list for PBXLegacyTarget "pcl" */ = {
			isa = XCConfigurationList;
			buildConfigurations = (
				00C6155814164A2E000FB927 /* Debug */,
				00C6155914164A2E000FB927 /* Release */,
			);
			defaultConfigurationIsVisible = 0;
			defaultConfigurationName = Release;
		};
		00C6155B14164A45000FB927 /* Build configuration list for PBXLegacyTarget "xps" */ = {
			isa = XCConfigurationList;
			buildConfigurations = (
				00C6155C14164A45000FB927 /* Debug */,
				00C6155D14164A45000FB927 /* Release */,
			);
			defaultConfigurationIsVisible = 0;
			defaultConfigurationName = Release;
		};
		00C6155F14164A4C000FB927 /* Build configuration list for PBXLegacyTarget "svg" */ = {
			isa = XCConfigurationList;
			buildConfigurations = (
				00C6156014164A4C000FB927 /* Debug */,
				00C6156114164A4C000FB927 /* Release */,
			);
			defaultConfigurationIsVisible = 0;
			defaultConfigurationName = Release;
		};
		00C6156314164A54000FB927 /* Build configuration list for PBXLegacyTarget "language-switch" */ = {
			isa = XCConfigurationList;
			buildConfigurations = (
				00C6156414164A54000FB927 /* Debug */,
				00C6156514164A54000FB927 /* Release */,
			);
			defaultConfigurationIsVisible = 0;
			defaultConfigurationName = Release;
		};
		00C6157414166F4B000FB927 /* Build configuration list for PBXLegacyTarget "ghostscript-conf" */ = {
			isa = XCConfigurationList;
			buildConfigurations = (
				00C6157514166F4B000FB927 /* Debug */,
				00C6157614166F4B000FB927 /* Release */,
			);
			defaultConfigurationIsVisible = 0;
			defaultConfigurationName = Release;
		};
		00C6157914166F66000FB927 /* Build configuration list for PBXLegacyTarget "pdl-conf" */ = {
			isa = XCConfigurationList;
			buildConfigurations = (
				00C6157A14166F66000FB927 /* Debug */,
				00C6157B14166F66000FB927 /* Release */,
			);
			defaultConfigurationIsVisible = 0;
			defaultConfigurationName = Release;
		};
/* End XCConfigurationList section */
	};
	rootObject = 00C6154314164928000FB927 /* Project object */;
}
